{
  "requires": true,
  "lockfileVersion": 1,
  "dependencies": {
    "caf": {
      "version": "8.0.1",
      "resolved": "https://registry.npmjs.org/caf/-/caf-8.0.1.tgz",
      "integrity": "sha512-RRur5Sm2RrodjpS3vLvwPSb+CxepirRBhRmsQMGfatmRew5UCoxd30nPqpx1oHOXjYNH/sHf9KC4bIGXo9ymUw=="
    }
  }
}
